PODS:
  - Gini (0.5.3):
    - Gini/DocumentsAPI (= 0.5.3)
  - Gini/DocumentsAPI (0.5.3)
  - Gini/Pinning (0.5.3):
    - Gini/DocumentsAPI
    - TrustKit (~> 1.6)
  - Gini/Tests (0.5.3)
  - TrustKit (1.6.5)

DEPENDENCIES:
  - Gini (from `../`)
  - Gini/DocumentsAPI (from `../`)
  - Gini/Pinning (from `../`)
  - Gini/Tests (from `../`)

SPEC REPOS:
  trunk:
    - TrustKit

EXTERNAL SOURCES:
  Gini:
    :path: "../"

SPEC CHECKSUMS:
  Gini: eff031981ed1559d36e4d6b503974bf28fa65b8b
  TrustKit: 073855e3adecd317417bda4ac9e9ac54a2e3b9f2

PODFILE CHECKSUM: 9142371538be20471536f26b1322049c5c03bde0

COCOAPODS: 1.10.1
