PODS:
  - Gini (0.3.0):
    - Gini/DocumentsAPI (= 0.3.0)
  - Gini/DocumentsAPI (0.3.0)
  - Gini/Pinning (0.3.0):
    - Gini/DocumentsAPI
    - TrustKit (~> 1.6)
  - Gini/Tests (0.3.0)
  - TrustKit (1.6.2)

DEPENDENCIES:
  - Gini (from `../`)
  - Gini/DocumentsAPI (from `../`)
  - Gini/Pinning (from `../`)
  - Gini/Tests (from `../`)

SPEC REPOS:
  trunk:
    - TrustKit

EXTERNAL SOURCES:
  Gini:
    :path: "../"

SPEC CHECKSUMS:
  Gini: fbc0443ec77c14ce8b4cd2e309e2513252b5d5ce
  TrustKit: 0a64b37d31518f16e344ceaf27e129dde624ce75

PODFILE CHECKSUM: 9142371538be20471536f26b1322049c5c03bde0

COCOAPODS: 1.9.1
